<?xml version="1.0" encoding="utf-8"?>
<Project ToolsVersion="4.0" xmlns="http://schemas.microsoft.com/developer/msbuild/2003">
  <ItemGroup>
    <Filter Include="OBSE">
      <UniqueIdentifier>{c4531309-7124-4bde-b8d9-421d11234c4a}</UniqueIdentifier>
    </Filter>
    <Filter Include="Resources">
      <UniqueIdentifier>{fcda2e4a-9e97-40ce-9035-f8d0a07210d9}</UniqueIdentifier>
    </Filter>
  </ItemGroup>
  <ItemGroup>
    <ClCompile Include="Dllmain.c">
      <Filter>OBSE</Filter>
    </ClCompile>
    <ClCompile Include="..\obse\obse\GameActorValues.cpp">
      <Filter>OBSE</Filter>
    </ClCompile>
    <ClCompile Include="..\obse\obse\GameAPI.cpp">
      <Filter>OBSE</Filter>
    </ClCompile>
    <ClCompile Include="..\obse\obse\GameBSExtraData.cpp">
      <Filter>OBSE</Filter>
    </ClCompile>
    <ClCompile Include="..\obse\obse\GameData.cpp">
      <Filter>OBSE</Filter>
    </ClCompile>
    <ClCompile Include="..\obse\obse\GameExtraData.cpp">
      <Filter>OBSE</Filter>
    </ClCompile>
    <ClCompile Include="..\obse\obse\GameForms.cpp">
      <Filter>OBSE</Filter>
    </ClCompile>
    <ClCompile Include="..\obse\obse\GameObjects.cpp">
      <Filter>OBSE</Filter>
    </ClCompile>
    <ClCompile Include="..\obse\obse\GameTasks.cpp">
      <Filter>OBSE</Filter>
    </ClCompile>
    <ClCompile Include="..\obse\obse\GameTypes.cpp">
      <Filter>OBSE</Filter>
    </ClCompile>
    <ClCompile Include="..\obse\obse\NiAPI.cpp">
      <Filter>OBSE</Filter>
    </ClCompile>
    <ClCompile Include="..\obse\obse\NiNodes.cpp">
      <Filter>OBSE</Filter>
    </ClCompile>
    <ClCompile Include="..\obse\obse\NiRTTI.cpp">
      <Filter>OBSE</Filter>
    </ClCompile>
    <ClCompile Include="..\obse\obse\NiTypes.cpp">
      <Filter>OBSE</Filter>
    </ClCompile>
    <ClCompile Include="..\obse\obse_common\SafeWrite.cpp">
      <Filter>OBSE</Filter>
    </ClCompile>
    <ClCompile Include="..\obse\obse\Script.cpp">
      <Filter>OBSE</Filter>
    </ClCompile>
    <ClCompile Include="..\obse\obse\Utilities.cpp">
      <Filter>OBSE</Filter>
    </ClCompile>
    <ClCompile Include="Commands.cpp" />
    <ClCompile Include="Main.cpp" />
    <ClCompile Include="RuntimeEditorIDsInternals.cpp" />
  </ItemGroup>
  <ItemGroup>
    <None Include="Exports.def">
      <Filter>OBSE</Filter>
    </None>
    <None Include="..\obse\obse\GameRTTI_1_1.inl">
      <Filter>OBSE</Filter>
    </None>
    <None Include="..\obse\obse\GameRTTI_1_2.inl">
      <Filter>OBSE</Filter>
    </None>
    <None Include="..\obse\obse\GameRTTI_1_2_416.inl">
      <Filter>OBSE</Filter>
    </None>
  </ItemGroup>
  <ItemGroup>
    <ClInclude Include="..\obse\obse\GameActorValues.h">
      <Filter>OBSE</Filter>
    </ClInclude>
    <ClInclude Include="..\obse\obse\GameAPI.h">
      <Filter>OBSE</Filter>
    </ClInclude>
    <ClInclude Include="..\obse\obse\GameBSExtraData.h">
      <Filter>OBSE</Filter>
    </ClInclude>
    <ClInclude Include="..\obse\obse\GameData.h">
      <Filter>OBSE</Filter>
    </ClInclude>
    <ClInclude Include="..\obse\obse\GameExtraData.h">
      <Filter>OBSE</Filter>
    </ClInclude>
    <ClInclude Include="..\obse\obse\GameForms.h">
      <Filter>OBSE</Filter>
    </ClInclude>
    <ClInclude Include="..\obse\obse\GameObjects.h">
      <Filter>OBSE</Filter>
    </ClInclude>
    <ClInclude Include="..\obse\obse\GameTasks.h">
      <Filter>OBSE</Filter>
    </ClInclude>
    <ClInclude Include="..\obse\obse\GameTypes.h">
      <Filter>OBSE</Filter>
    </ClInclude>
    <ClInclude Include="..\obse\obse\NiAPI.h">
      <Filter>OBSE</Filter>
    </ClInclude>
    <ClInclude Include="..\obse\obse\NiNodes.h">
      <Filter>OBSE</Filter>
    </ClInclude>
    <ClInclude Include="..\obse\obse\NiRTTI.h">
      <Filter>OBSE</Filter>
    </ClInclude>
    <ClInclude Include="..\obse\obse\NiTypes.h">
      <Filter>OBSE</Filter>
    </ClInclude>
    <ClInclude Include="..\obse\obse\ParamInfos.h">
      <Filter>OBSE</Filter>
    </ClInclude>
    <ClInclude Include="..\obse\obse\PluginAPI.h">
      <Filter>OBSE</Filter>
    </ClInclude>
    <ClInclude Include="..\obse\obse_common\SafeWrite.h">
      <Filter>OBSE</Filter>
    </ClInclude>
    <ClInclude Include="..\obse\obse\Script.h">
      <Filter>OBSE</Filter>
    </ClInclude>
    <ClInclude Include="..\obse\obse\Utilities.h">
      <Filter>OBSE</Filter>
    </ClInclude>
    <ClInclude Include="Commands.h" />
    <ClInclude Include="RuntimeEditorIDsInternals.h" />
    <ClInclude Include="VersionInfo.h">
      <Filter>Resources</Filter>
    </ClInclude>
    <ClInclude Include="..\Construction Set Extender\CSEInterfaceAPI.h" />
    <ClInclude Include="REIDInterfaceAPI.h" />
  </ItemGroup>
  <ItemGroup>
    <ResourceCompile Include="VersionInfo.rc">
      <Filter>Resources</Filter>
    </ResourceCompile>
  </ItemGroup>
</Project>